
Microsoft Visual Studio Solution File, Format Version 12.00
# Visual Studio Version 16
VisualStudioVersion = 16.0.29409.12
MinimumVisualStudioVersion = 10.0.40219.1
Project("{8BC9CEB8-8B4A-11D0-8D11-00A0C91BC942}") = "MetodoBurbuja", "MetodoBurbuja\MetodoBurbuja.vcxproj", "{53B07C47-A6C9-40CD-A4F0-1B55F9B79B4F}"
EndProject
Global
	GlobalSection(SolutionConfigurationPlatforms) = preSolution
		Debug|x64 = Debug|x64
		Debug|x86 = Debug|x86
		Release|x64 = Release|x64
		Release|x86 = Release|x86
	EndGlobalSection
	GlobalSection(ProjectConfigurationPlatforms) = postSolution
		{53B07C47-A6C9-40CD-A4F0-1B55F9B79B4F}.Debug|x64.ActiveCfg = Debug|x64
		{53B07C47-A6C9-40CD-A4F0-1B55F9B79B4F}.Debug|x64.Build.0 = Debug|x64
		{53B07C47-A6C9-40CD-A4F0-1B55F9B79B4F}.Debug|x86.ActiveCfg = Debug|Win32
		{53B07C47-A6C9-40CD-A4F0-1B55F9B79B4F}.Debug|x86.Build.0 = Debug|Win32
		{53B07C47-A6C9-40CD-A4F0-1B55F9B79B4F}.Release|x64.ActiveCfg = Release|x64
		{53B07C47-A6C9-40CD-A4F0-1B55F9B79B4F}.Release|x64.Build.0 = Release|x64
		{53B07C47-A6C9-40CD-A4F0-1B55F9B79B4F}.Release|x86.ActiveCfg = Release|Win32
		{53B07C47-A6C9-40CD-A4F0-1B55F9B79B4F}.Release|x86.Build.0 = Release|Win32
	EndGlobalSection
	GlobalSection(SolutionProperties) = preSolution
		HideSolutionNode = FALSE
	EndGlobalSection
	GlobalSection(ExtensibilityGlobals) = postSolution
		SolutionGuid = {D9C7F121-7A6B-4A19-BAB8-3D26876A6EEE}
	EndGlobalSection
EndGlobal
