
Microsoft Visual Studio Solution File, Format Version 12.00
# Visual Studio Version 16
VisualStudioVersion = 16.0.29306.81
MinimumVisualStudioVersion = 10.0.40219.1
Project("{8BC9CEB8-8B4A-11D0-8D11-00A0C91BC942}") = "T0_ApuntadoresMemoriaDinamica", "T0_ApuntadoresMemoriaDinamica\T0_ApuntadoresMemoriaDinamica.vcxproj", "{B92E81CA-D3DC-4B2B-9A36-5C57A6ED7247}"
EndProject
Global
	GlobalSection(SolutionConfigurationPlatforms) = preSolution
		Debug|x64 = Debug|x64
		Debug|x86 = Debug|x86
		Release|x64 = Release|x64
		Release|x86 = Release|x86
	EndGlobalSection
	GlobalSection(ProjectConfigurationPlatforms) = postSolution
		{B92E81CA-D3DC-4B2B-9A36-5C57A6ED7247}.Debug|x64.ActiveCfg = Debug|x64
		{B92E81CA-D3DC-4B2B-9A36-5C57A6ED7247}.Debug|x64.Build.0 = Debug|x64
		{B92E81CA-D3DC-4B2B-9A36-5C57A6ED7247}.Debug|x86.ActiveCfg = Debug|Win32
		{B92E81CA-D3DC-4B2B-9A36-5C57A6ED7247}.Debug|x86.Build.0 = Debug|Win32
		{B92E81CA-D3DC-4B2B-9A36-5C57A6ED7247}.Release|x64.ActiveCfg = Release|x64
		{B92E81CA-D3DC-4B2B-9A36-5C57A6ED7247}.Release|x64.Build.0 = Release|x64
		{B92E81CA-D3DC-4B2B-9A36-5C57A6ED7247}.Release|x86.ActiveCfg = Release|Win32
		{B92E81CA-D3DC-4B2B-9A36-5C57A6ED7247}.Release|x86.Build.0 = Release|Win32
	EndGlobalSection
	GlobalSection(SolutionProperties) = preSolution
		HideSolutionNode = FALSE
	EndGlobalSection
	GlobalSection(ExtensibilityGlobals) = postSolution
		SolutionGuid = {4C31EDCF-F243-41E3-B499-4E8F1C56B8FF}
	EndGlobalSection
EndGlobal
