
Microsoft Visual Studio Solution File, Format Version 12.00
# Visual Studio Version 16
VisualStudioVersion = 16.0.29409.12
MinimumVisualStudioVersion = 10.0.40219.1
Project("{8BC9CEB8-8B4A-11D0-8D11-00A0C91BC942}") = "T1_Ex1ArrayOrdenado", "T1_Ex1ArrayOrdenado\T1_Ex1ArrayOrdenado.vcxproj", "{35881F6C-AED0-4728-9234-85E5DBF91A72}"
EndProject
Global
	GlobalSection(SolutionConfigurationPlatforms) = preSolution
		Debug|x64 = Debug|x64
		Debug|x86 = Debug|x86
		Release|x64 = Release|x64
		Release|x86 = Release|x86
	EndGlobalSection
	GlobalSection(ProjectConfigurationPlatforms) = postSolution
		{35881F6C-AED0-4728-9234-85E5DBF91A72}.Debug|x64.ActiveCfg = Debug|x64
		{35881F6C-AED0-4728-9234-85E5DBF91A72}.Debug|x64.Build.0 = Debug|x64
		{35881F6C-AED0-4728-9234-85E5DBF91A72}.Debug|x86.ActiveCfg = Debug|Win32
		{35881F6C-AED0-4728-9234-85E5DBF91A72}.Debug|x86.Build.0 = Debug|Win32
		{35881F6C-AED0-4728-9234-85E5DBF91A72}.Release|x64.ActiveCfg = Release|x64
		{35881F6C-AED0-4728-9234-85E5DBF91A72}.Release|x64.Build.0 = Release|x64
		{35881F6C-AED0-4728-9234-85E5DBF91A72}.Release|x86.ActiveCfg = Release|Win32
		{35881F6C-AED0-4728-9234-85E5DBF91A72}.Release|x86.Build.0 = Release|Win32
	EndGlobalSection
	GlobalSection(SolutionProperties) = preSolution
		HideSolutionNode = FALSE
	EndGlobalSection
	GlobalSection(ExtensibilityGlobals) = postSolution
		SolutionGuid = {A44FDEA8-2BD9-4D1E-A5F5-4139BF52B3FB}
	EndGlobalSection
EndGlobal
